
Microsoft Visual Studio Solution File, Format Version 12.00
# Visual Studio Version 17
VisualStudioVersion = 17.4.33403.182
MinimumVisualStudioVersion = 10.0.40219.1
Project("{FAE04EC0-301F-11D3-BF4B-00C04F79EFBC}") = "CaroGame", "CaroGame\CaroGame.csproj", "{4FE4E961-9F6E-48FD-802C-62CE9A470838}"
EndProject
Global
	GlobalSection(SolutionConfigurationPlatforms) = preSolution
		Debug|Any CPU = Debug|Any CPU
		Release|Any CPU = Release|Any CPU
	EndGlobalSection
	GlobalSection(ProjectConfigurationPlatforms) = postSolution
		{4FE4E961-9F6E-48FD-802C-62CE9A470838}.Debug|Any CPU.ActiveCfg = Debug|Any CPU
		{4FE4E961-9F6E-48FD-802C-62CE9A470838}.Debug|Any CPU.Build.0 = Debug|Any CPU
		{4FE4E961-9F6E-48FD-802C-62CE9A470838}.Release|Any CPU.ActiveCfg = Release|Any CPU
		{4FE4E961-9F6E-48FD-802C-62CE9A470838}.Release|Any CPU.Build.0 = Release|Any CPU
	EndGlobalSection
	GlobalSection(SolutionProperties) = preSolution
		HideSolutionNode = FALSE
	EndGlobalSection
	GlobalSection(ExtensibilityGlobals) = postSolution
		SolutionGuid = {86BBFD34-4A9F-41F0-9A85-D665B3F7AEE3}
	EndGlobalSection
EndGlobal
